
Microsoft Visual Studio Solution File, Format Version 12.00
# Visual Studio Version 17
VisualStudioVersion = 17.11.35312.102
MinimumVisualStudioVersion = 10.0.40219.1
Project("{FAE04EC0-301F-11D3-BF4B-00C04F79EFBC}") = "DotnetSubtitleConverter", "DotnetSubtitleConverter\DotnetSubtitleConverter.csproj", "{CCDC4AAA-02B5-4EB4-9B2C-BC45BDC898BA}"
EndProject
Global
	GlobalSection(SolutionConfigurationPlatforms) = preSolution
		Debug|Any CPU = Debug|Any CPU
		Release|Any CPU = Release|Any CPU
	EndGlobalSection
	GlobalSection(ProjectConfigurationPlatforms) = postSolution
		{CCDC4AAA-02B5-4EB4-9B2C-BC45BDC898BA}.Debug|Any CPU.ActiveCfg = Debug|Any CPU
		{CCDC4AAA-02B5-4EB4-9B2C-BC45BDC898BA}.Debug|Any CPU.Build.0 = Debug|Any CPU
		{CCDC4AAA-02B5-4EB4-9B2C-BC45BDC898BA}.Release|Any CPU.ActiveCfg = Release|Any CPU
		{CCDC4AAA-02B5-4EB4-9B2C-BC45BDC898BA}.Release|Any CPU.Build.0 = Release|Any CPU
	EndGlobalSection
	GlobalSection(SolutionProperties) = preSolution
		HideSolutionNode = FALSE
	EndGlobalSection
	GlobalSection(ExtensibilityGlobals) = postSolution
		SolutionGuid = {483E0B2D-49E8-4062-AB60-A231DA37460F}
	EndGlobalSection
EndGlobal
